
Microsoft Visual Studio Solution File, Format Version 12.00
# Visual Studio Version 17
VisualStudioVersion = 17.4.33110.190
MinimumVisualStudioVersion = 10.0.40219.1
Project("{9A19103F-16F7-4668-BE54-9A1E7A4F7556}") = "BethanysPieShopHRM.Blazor", "BethanysPieShopHRM.Blazor\BethanysPieShopHRM.Blazor.csproj", "{C08C5D4C-E1DF-4C71-913E-3AB86B6D8437}"
EndProject
Project("{9A19103F-16F7-4668-BE54-9A1E7A4F7556}") = "BethanysPieShopHRM.Shared", "BethanysPieShopHRM.Shared\BethanysPieShopHRM.Shared.csproj", "{9B1F49F3-DB32-497F-914A-CCEA86BBC7BA}"
EndProject
Project("{9A19103F-16F7-4668-BE54-9A1E7A4F7556}") = "BethanysPieShopHRM.Api", "BethanysPieShopHRM.Api\BethanysPieShopHRM.Api.csproj", "{E373B29F-6330-4801-AF3B-FCB9938ED14E}"
EndProject
Global
	GlobalSection(SolutionConfigurationPlatforms) = preSolution
		Debug|Any CPU = Debug|Any CPU
		Release|Any CPU = Release|Any CPU
	EndGlobalSection
	GlobalSection(ProjectConfigurationPlatforms) = postSolution
		{C08C5D4C-E1DF-4C71-913E-3AB86B6D8437}.Debug|Any CPU.ActiveCfg = Debug|Any CPU
		{C08C5D4C-E1DF-4C71-913E-3AB86B6D8437}.Debug|Any CPU.Build.0 = Debug|Any CPU
		{C08C5D4C-E1DF-4C71-913E-3AB86B6D8437}.Release|Any CPU.ActiveCfg = Release|Any CPU
		{C08C5D4C-E1DF-4C71-913E-3AB86B6D8437}.Release|Any CPU.Build.0 = Release|Any CPU
		{9B1F49F3-DB32-497F-914A-CCEA86BBC7BA}.Debug|Any CPU.ActiveCfg = Debug|Any CPU
		{9B1F49F3-DB32-497F-914A-CCEA86BBC7BA}.Debug|Any CPU.Build.0 = Debug|Any CPU
		{9B1F49F3-DB32-497F-914A-CCEA86BBC7BA}.Release|Any CPU.ActiveCfg = Release|Any CPU
		{9B1F49F3-DB32-497F-914A-CCEA86BBC7BA}.Release|Any CPU.Build.0 = Release|Any CPU
		{E373B29F-6330-4801-AF3B-FCB9938ED14E}.Debug|Any CPU.ActiveCfg = Debug|Any CPU
		{E373B29F-6330-4801-AF3B-FCB9938ED14E}.Debug|Any CPU.Build.0 = Debug|Any CPU
		{E373B29F-6330-4801-AF3B-FCB9938ED14E}.Release|Any CPU.ActiveCfg = Release|Any CPU
		{E373B29F-6330-4801-AF3B-FCB9938ED14E}.Release|Any CPU.Build.0 = Release|Any CPU
	EndGlobalSection
	GlobalSection(SolutionProperties) = preSolution
		HideSolutionNode = FALSE
	EndGlobalSection
	GlobalSection(ExtensibilityGlobals) = postSolution
		SolutionGuid = {B969A553-92F0-4110-B08D-F5D00439F318}
	EndGlobalSection
EndGlobal
